// !$*UTF8*$!
{
	archiveVersion = 1;
	classes = {
	};
	objectVersion = 56;
	objects = {

/* Begin PBXBuildFile section */
		7C4D8F982BECE321008A5B35 /* AppDelegate.swift in Sources */ = {isa = PBXBuildFile; fileRef = 7C4D8F972BECE321008A5B35 /* AppDelegate.swift */; };
		7C4D8F9A2BECE321008A5B35 /* ViewController.swift in Sources */ = {isa = PBXBuildFile; fileRef = 7C4D8F992BECE321008A5B35 /* ViewController.swift */; };
		7C4D8F9C2BECE325008A5B35 /* Assets.xcassets in Resources */ = {isa = PBXBuildFile; fileRef = 7C4D8F9B2BECE325008A5B35 /* Assets.xcassets */; };
		7C4D8F9F2BECE325008A5B35 /* Base in Resources */ = {isa = PBXBuildFile; fileRef = 7C4D8F9E2BECE325008A5B35 /* Base */; };
		7C4D8FA82BECE38E008A5B35 /* Cocoa.framework in Frameworks */ = {isa = PBXBuildFile; fileRef = 7C4D8FA72BECE38E008A5B35 /* Cocoa.framework */; };
		7C4D8FAA2BECE396008A5B35 /* MapKit.framework in Frameworks */ = {isa = PBXBuildFile; fileRef = 7C4D8FA92BECE396008A5B35 /* MapKit.framework */; };
		7C4D8FAC2BECE742008A5B35 /* XMLReader.swift in Sources */ = {isa = PBXBuildFile; fileRef = 7C4D8FAB2BECE742008A5B35 /* XMLReader.swift */; };
		7C4D8FB22BED4F7D008A5B35 /* ejio park.kml in Resources */ = {isa = PBXBuildFile; fileRef = 7C4D8FB12BED4F7D008A5B35 /* ejio park.kml */; };
/* End PBXBuildFile section */

/* Begin PBXFileReference section */
		7C4D8F942BECE321008A5B35 /* KMLCourseOnMapApp.app */ = {isa = PBXFileReference; explicitFileType = wrapper.application; includeInIndex = 0; path = KMLCourseOnMapApp.app; sourceTree = BUILT_PRODUCTS_DIR; };
		7C4D8F972BECE321008A5B35 /* AppDelegate.swift */ = {isa = PBXFileReference; lastKnownFileType = sourcecode.swift; path = AppDelegate.swift; sourceTree = "<group>"; };
		7C4D8F992BECE321008A5B35 /* ViewController.swift */ = {isa = PBXFileReference; lastKnownFileType = sourcecode.swift; path = ViewController.swift; sourceTree = "<group>"; };
		7C4D8F9B2BECE325008A5B35 /* Assets.xcassets */ = {isa = PBXFileReference; lastKnownFileType = folder.assetcatalog; path = Assets.xcassets; sourceTree = "<group>"; };
		7C4D8F9E2BECE325008A5B35 /* Base */ = {isa = PBXFileReference; lastKnownFileType = file.storyboard; name = Base; path = Base.lproj/Main.storyboard; sourceTree = "<group>"; };
		7C4D8FA02BECE325008A5B35 /* KMLCourseOnMapApp.entitlements */ = {isa = PBXFileReference; lastKnownFileType = text.plist.entitlements; path = KMLCourseOnMapApp.entitlements; sourceTree = "<group>"; };
		7C4D8FA72BECE38E008A5B35 /* Cocoa.framework */ = {isa = PBXFileReference; lastKnownFileType = wrapper.framework; name = Cocoa.framework; path = System/Library/Frameworks/Cocoa.framework; sourceTree = SDKROOT; };
		7C4D8FA92BECE396008A5B35 /* MapKit.framework */ = {isa = PBXFileReference; lastKnownFileType = wrapper.framework; name = MapKit.framework; path = System/Library/Frameworks/MapKit.framework; sourceTree = SDKROOT; };
		7C4D8FAB2BECE742008A5B35 /* XMLReader.swift */ = {isa = PBXFileReference; fileEncoding = 4; lastKnownFileType = sourcecode.swift; path = XMLReader.swift; sourceTree = "<group>"; };
		7C4D8FB12BED4F7D008A5B35 /* ejio park.kml */ = {isa = PBXFileReference; fileEncoding = 4; lastKnownFileType = text.xml; path = "ejio park.kml"; sourceTree = "<group>"; };
/* End PBXFileReference section */

/* Begin PBXFrameworksBuildPhase section */
		7C4D8F912BECE321008A5B35 /* Frameworks */ = {
			isa = PBXFrameworksBuildPhase;
			buildActionMask = 2147483647;
			files = (
				7C4D8FAA2BECE396008A5B35 /* MapKit.framework in Frameworks */,
				7C4D8FA82BECE38E008A5B35 /* Cocoa.framework in Frameworks */,
			);
			runOnlyForDeploymentPostprocessing = 0;
		};
/* End PBXFrameworksBuildPhase section */

/* Begin PBXGroup section */
		7C4D8F8B2BECE321008A5B35 = {
			isa = PBXGroup;
			children = (
				7C4D8F962BECE321008A5B35 /* KMLCourseOnMapApp */,
				7C4D8F952BECE321008A5B35 /* Products */,
				7C4D8FA62BECE38E008A5B35 /* Frameworks */,
			);
			sourceTree = "<group>";
		};
		7C4D8F952BECE321008A5B35 /* Products */ = {
			isa = PBXGroup;
			children = (
				7C4D8F942BECE321008A5B35 /* KMLCourseOnMapApp.app */,
			);
			name = Products;
			sourceTree = "<group>";
		};
		7C4D8F962BECE321008A5B35 /* KMLCourseOnMapApp */ = {
			isa = PBXGroup;
			children = (
				7C4D8FAB2BECE742008A5B35 /* XMLReader.swift */,
				7C4D8F972BECE321008A5B35 /* AppDelegate.swift */,
				7C4D8F992BECE321008A5B35 /* ViewController.swift */,
				7C4D8F9B2BECE325008A5B35 /* Assets.xcassets */,
				7C4D8F9D2BECE325008A5B35 /* Main.storyboard */,
				7C4D8FB12BED4F7D008A5B35 /* ejio park.kml */,
				7C4D8FA02BECE325008A5B35 /* KMLCourseOnMapApp.entitlements */,
			);
			path = KMLCourseOnMapApp;
			sourceTree = "<group>";
		};
		7C4D8FA62BECE38E008A5B35 /* Frameworks */ = {
			isa = PBXGroup;
			children = (
				7C4D8FA92BECE396008A5B35 /* MapKit.framework */,
				7C4D8FA72BECE38E008A5B35 /* Cocoa.framework */,
			);
			name = Frameworks;
			sourceTree = "<group>";
		};
/* End PBXGroup section */

/* Begin PBXNativeTarget section */
		7C4D8F932BECE321008A5B35 /* KMLCourseOnMapApp */ = {
			isa = PBXNativeTarget;
			buildConfigurationList = 7C4D8FA32BECE325008A5B35 /* Build configuration list for PBXNativeTarget "KMLCourseOnMapApp" */;
			buildPhases = (
				7C4D8F902BECE321008A5B35 /* Sources */,
				7C4D8F912BECE321008A5B35 /* Frameworks */,
				7C4D8F922BECE321008A5B35 /* Resources */,
			);
			buildRules = (
			);
			dependencies = (
			);
			name = KMLCourseOnMapApp;
			productName = KMLCourseOnMapApp;
			productReference = 7C4D8F942BECE321008A5B35 /* KMLCourseOnMapApp.app */;
			productType = "com.apple.product-type.application";
		};
/* End PBXNativeTarget section */

/* Begin PBXProject section */
		7C4D8F8C2BECE321008A5B35 /* Project object */ = {
			isa = PBXProject;
			attributes = {
				BuildIndependentTargetsInParallel = 1;
				LastSwiftUpdateCheck = 1530;
				LastUpgradeCheck = 1530;
				TargetAttributes = {
					7C4D8F932BECE321008A5B35 = {
						CreatedOnToolsVersion = 15.3;
					};
				};
			};
			buildConfigurationList = 7C4D8F8F2BECE321008A5B35 /* Build configuration list for PBXProject "KMLCourseOnMapApp" */;
			compatibilityVersion = "Xcode 14.0";
			developmentRegion = en;
			hasScannedForEncodings = 0;
			knownRegions = (
				en,
				Base,
			);
			mainGroup = 7C4D8F8B2BECE321008A5B35;
			productRefGroup = 7C4D8F952BECE321008A5B35 /* Products */;
			projectDirPath = "";
			projectRoot = "";
			targets = (
				7C4D8F932BECE321008A5B35 /* KMLCourseOnMapApp */,
			);
		};
/* End PBXProject section */

/* Begin PBXResourcesBuildPhase section */
		7C4D8F922BECE321008A5B35 /* Resources */ = {
			isa = PBXResourcesBuildPhase;
			buildActionMask = 2147483647;
			files = (
				7C4D8FB22BED4F7D008A5B35 /* ejio park.kml in Resources */,
				7C4D8F9C2BECE325008A5B35 /* Assets.xcassets in Resources */,
				7C4D8F9F2BECE325008A5B35 /* Base in Resources */,
			);
			runOnlyForDeploymentPostprocessing = 0;
		};
/* End PBXResourcesBuildPhase section */

/* Begin PBXSourcesBuildPhase section */
		7C4D8F902BECE321008A5B35 /* Sources */ = {
			isa = PBXSourcesBuildPhase;
			buildActionMask = 2147483647;
			files = (
				7C4D8F9A2BECE321008A5B35 /* ViewController.swift in Sources */,
				7C4D8F982BECE321008A5B35 /* AppDelegate.swift in Sources */,
				7C4D8FAC2BECE742008A5B35 /* XMLReader.swift in Sources */,
			);
			runOnlyForDeploymentPostprocessing = 0;
		};
/* End PBXSourcesBuildPhase section */

/* Begin PBXVariantGroup section */
		7C4D8F9D2BECE325008A5B35 /* Main.storyboard */ = {
			isa = PBXVariantGroup;
			children = (
				7C4D8F9E2BECE325008A5B35 /* Base */,
			);
			name = Main.storyboard;
			sourceTree = "<group>";
		};
/* End PBXVariantGroup section */

/* Begin XCBuildConfiguration section */
		7C4D8FA12BECE325008A5B35 /* Debug */ = {
			isa = XCBuildConfiguration;
			buildSettings = {
				ALWAYS_SEARCH_USER_PATHS = NO;
				ASSETCATALOG_COMPILER_GENERATE_SWIFT_ASSET_SYMBOL_EXTENSIONS = YES;
				CLANG_ANALYZER_NONNULL = YES;
				CLANG_ANALYZER_NUMBER_OBJECT_CONVERSION = YES_AGGRESSIVE;
				CLANG_CXX_LANGUAGE_STANDARD = "gnu++20";
				CLANG_ENABLE_MODULES = YES;
				CLANG_ENABLE_OBJC_ARC = YES;
				CLANG_ENABLE_OBJC_WEAK = YES;
				CLANG_WARN_BLOCK_CAPTURE_AUTORELEASING = YES;
				CLANG_WARN_BOOL_CONVERSION = YES;
				CLANG_WARN_COMMA = YES;
				CLANG_WARN_CONSTANT_CONVERSION = YES;
				CLANG_WARN_DEPRECATED_OBJC_IMPLEMENTATIONS = YES;
				CLANG_WARN_DIRECT_OBJC_ISA_USAGE = YES_ERROR;
				CLANG_WARN_DOCUMENTATION_COMMENTS = YES;
				CLANG_WARN_EMPTY_BODY = YES;
				CLANG_WARN_ENUM_CONVERSION = YES;
				CLANG_WARN_INFINITE_RECURSION = YES;
				CLANG_WARN_INT_CONVERSION = YES;
				CLANG_WARN_NON_LITERAL_NULL_CONVERSION = YES;
				CLANG_WARN_OBJC_IMPLICIT_RETAIN_SELF = YES;
				CLANG_WARN_OBJC_LITERAL_CONVERSION = YES;
				CLANG_WARN_OBJC_ROOT_CLASS = YES_ERROR;
				CLANG_WARN_QUOTED_INCLUDE_IN_FRAMEWORK_HEADER = YES;
				CLANG_WARN_RANGE_LOOP_ANALYSIS = YES;
				CLANG_WARN_STRICT_PROTOTYPES = YES;
				CLANG_WARN_SUSPICIOUS_MOVE = YES;
				CLANG_WARN_UNGUARDED_AVAILABILITY = YES_AGGRESSIVE;
				CLANG_WARN_UNREACHABLE_CODE = YES;
				CLANG_WARN__DUPLICATE_METHOD_MATCH = YES;
				COPY_PHASE_STRIP = NO;
				DEBUG_INFORMATION_FORMAT = dwarf;
				ENABLE_STRICT_OBJC_MSGSEND = YES;
				ENABLE_TESTABILITY = YES;
				ENABLE_USER_SCRIPT_SANDBOXING = YES;
				GCC_C_LANGUAGE_STANDARD = gnu17;
				GCC_DYNAMIC_NO_PIC = NO;
				GCC_NO_COMMON_BLOCKS = YES;
				GCC_OPTIMIZATION_LEVEL = 0;
				GCC_PREPROCESSOR_DEFINITIONS = (
					"DEBUG=1",
					"$(inherited)",
				);
				GCC_WARN_64_TO_32_BIT_CONVERSION = YES;
				GCC_WARN_ABOUT_RETURN_TYPE = YES_ERROR;
				GCC_WARN_UNDECLARED_SELECTOR = YES;
				GCC_WARN_UNINITIALIZED_AUTOS = YES_AGGRESSIVE;
				GCC_WARN_UNUSED_FUNCTION = YES;
				GCC_WARN_UNUSED_VARIABLE = YES;
				LOCALIZATION_PREFERS_STRING_CATALOGS = YES;
				MACOSX_DEPLOYMENT_TARGET = 14.4;
				MTL_ENABLE_DEBUG_INFO = INCLUDE_SOURCE;
				MTL_FAST_MATH = YES;
				ONLY_ACTIVE_ARCH = YES;
				SDKROOT = macosx;
				SWIFT_ACTIVE_COMPILATION_CONDITIONS = "DEBUG $(inherited)";
				SWIFT_OPTIMIZATION_LEVEL = "-Onone";
			};
			name = Debug;
		};
		7C4D8FA22BECE325008A5B35 /* Release */ = {
			isa = XCBuildConfiguration;
			buildSettings = {
				ALWAYS_SEARCH_USER_PATHS = NO;
				ASSETCATALOG_COMPILER_GENERATE_SWIFT_ASSET_SYMBOL_EXTENSIONS = YES;
				CLANG_ANALYZER_NONNULL = YES;
				CLANG_ANALYZER_NUMBER_OBJECT_CONVERSION = YES_AGGRESSIVE;
				CLANG_CXX_LANGUAGE_STANDARD = "gnu++20";
				CLANG_ENABLE_MODULES = YES;
				CLANG_ENABLE_OBJC_ARC = YES;
				CLANG_ENABLE_OBJC_WEAK = YES;
				CLANG_WARN_BLOCK_CAPTURE_AUTORELEASING = YES;
				CLANG_WARN_BOOL_CONVERSION = YES;
				CLANG_WARN_COMMA = YES;
				CLANG_WARN_CONSTANT_CONVERSION = YES;
				CLANG_WARN_DEPRECATED_OBJC_IMPLEMENTATIONS = YES;
				CLANG_WARN_DIRECT_OBJC_ISA_USAGE = YES_ERROR;
				CLANG_WARN_DOCUMENTATION_COMMENTS = YES;
				CLANG_WARN_EMPTY_BODY = YES;
				CLANG_WARN_ENUM_CONVERSION = YES;
				CLANG_WARN_INFINITE_RECURSION = YES;
				CLANG_WARN_INT_CONVERSION = YES;
				CLANG_WARN_NON_LITERAL_NULL_CONVERSION = YES;
				CLANG_WARN_OBJC_IMPLICIT_RETAIN_SELF = YES;
				CLANG_WARN_OBJC_LITERAL_CONVERSION = YES;
				CLANG_WARN_OBJC_ROOT_CLASS = YES_ERROR;
				CLANG_WARN_QUOTED_INCLUDE_IN_FRAMEWORK_HEADER = YES;
				CLANG_WARN_RANGE_LOOP_ANALYSIS = YES;
				CLANG_WARN_STRICT_PROTOTYPES = YES;
				CLANG_WARN_SUSPICIOUS_MOVE = YES;
				CLANG_WARN_UNGUARDED_AVAILABILITY = YES_AGGRESSIVE;
				CLANG_WARN_UNREACHABLE_CODE = YES;
				CLANG_WARN__DUPLICATE_METHOD_MATCH = YES;
				COPY_PHASE_STRIP = NO;
				DEBUG_INFORMATION_FORMAT = "dwarf-with-dsym";
				ENABLE_NS_ASSERTIONS = NO;
				ENABLE_STRICT_OBJC_MSGSEND = YES;
				ENABLE_USER_SCRIPT_SANDBOXING = YES;
				GCC_C_LANGUAGE_STANDARD = gnu17;
				GCC_NO_COMMON_BLOCKS = YES;
				GCC_WARN_64_TO_32_BIT_CONVERSION = YES;
				GCC_WARN_ABOUT_RETURN_TYPE = YES_ERROR;
				GCC_WARN_UNDECLARED_SELECTOR = YES;
				GCC_WARN_UNINITIALIZED_AUTOS = YES_AGGRESSIVE;
				GCC_WARN_UNUSED_FUNCTION = YES;
				GCC_WARN_UNUSED_VARIABLE = YES;
				LOCALIZATION_PREFERS_STRING_CATALOGS = YES;
				MACOSX_DEPLOYMENT_TARGET = 14.4;
				MTL_ENABLE_DEBUG_INFO = NO;
				MTL_FAST_MATH = YES;
				SDKROOT = macosx;
				SWIFT_COMPILATION_MODE = wholemodule;
			};
			name = Release;
		};
		7C4D8FA42BECE325008A5B35 /* Debug */ = {
			isa = XCBuildConfiguration;
			buildSettings = {
				ASSETCATALOG_COMPILER_APPICON_NAME = AppIcon;
				ASSETCATALOG_COMPILER_GLOBAL_ACCENT_COLOR_NAME = AccentColor;
				CODE_SIGN_ENTITLEMENTS = KMLCourseOnMapApp/KMLCourseOnMapApp.entitlements;
				"CODE_SIGN_IDENTITY[sdk=macosx*]" = "-";
				CODE_SIGN_STYLE = Automatic;
				COMBINE_HIDPI_IMAGES = YES;
				CURRENT_PROJECT_VERSION = 1;
				DEVELOPMENT_TEAM = 47788WWNZA;
				ENABLE_HARDENED_RUNTIME = YES;
				GENERATE_INFOPLIST_FILE = YES;
				INFOPLIST_KEY_NSHumanReadableCopyright = "";
				INFOPLIST_KEY_NSMainStoryboardFile = Main;
				INFOPLIST_KEY_NSPrincipalClass = NSApplication;
				LD_RUNPATH_SEARCH_PATHS = (
					"$(inherited)",
					"@executable_path/../Frameworks",
				);
				MACOSX_DEPLOYMENT_TARGET = 10.14;
				MARKETING_VERSION = 1.0.0;
				PRODUCT_BUNDLE_IDENTIFIER = com.mac.uhara.KMLCourseOnMapApp;
				PRODUCT_NAME = "$(TARGET_NAME)";
				SWIFT_EMIT_LOC_STRINGS = YES;
				SWIFT_VERSION = 5.0;
			};
			name = Debug;
		};
		7C4D8FA52BECE325008A5B35 /* Release */ = {
			isa = XCBuildConfiguration;
			buildSettings = {
				ASSETCATALOG_COMPILER_APPICON_NAME = AppIcon;
				ASSETCATALOG_COMPILER_GLOBAL_ACCENT_COLOR_NAME = AccentColor;
				CODE_SIGN_ENTITLEMENTS = KMLCourseOnMapApp/KMLCourseOnMapApp.entitlements;
				"CODE_SIGN_IDENTITY[sdk=macosx*]" = "-";
				CODE_SIGN_STYLE = Automatic;
				COMBINE_HIDPI_IMAGES = YES;
				CURRENT_PROJECT_VERSION = 1;
				DEVELOPMENT_TEAM = 47788WWNZA;
				ENABLE_HARDENED_RUNTIME = YES;
				GENERATE_INFOPLIST_FILE = YES;
				INFOPLIST_KEY_NSHumanReadableCopyright = "";
				INFOPLIST_KEY_NSMainStoryboardFile = Main;
				INFOPLIST_KEY_NSPrincipalClass = NSApplication;
				LD_RUNPATH_SEARCH_PATHS = (
					"$(inherited)",
					"@executable_path/../Frameworks",
				);
				MACOSX_DEPLOYMENT_TARGET = 10.14;
				MARKETING_VERSION = 1.0.0;
				PRODUCT_BUNDLE_IDENTIFIER = com.mac.uhara.KMLCourseOnMapApp;
				PRODUCT_NAME = "$(TARGET_NAME)";
				SWIFT_EMIT_LOC_STRINGS = YES;
				SWIFT_VERSION = 5.0;
			};
			name = Release;
		};
/* End XCBuildConfiguration section */

/* Begin XCConfigurationList section */
		7C4D8F8F2BECE321008A5B35 /* Build configuration list for PBXProject "KMLCourseOnMapApp" */ = {
			isa = XCConfigurationList;
			buildConfigurations = (
				7C4D8FA12BECE325008A5B35 /* Debug */,
				7C4D8FA22BECE325008A5B35 /* Release */,
			);
			defaultConfigurationIsVisible = 0;
			defaultConfigurationName = Release;
		};
		7C4D8FA32BECE325008A5B35 /* Build configuration list for PBXNativeTarget "KMLCourseOnMapApp" */ = {
			isa = XCConfigurationList;
			buildConfigurations = (
				7C4D8FA42BECE325008A5B35 /* Debug */,
				7C4D8FA52BECE325008A5B35 /* Release */,
			);
			defaultConfigurationIsVisible = 0;
			defaultConfigurationName = Release;
		};
/* End XCConfigurationList section */
	};
	rootObject = 7C4D8F8C2BECE321008A5B35 /* Project object */;
}
